
Microsoft Visual Studio Solution File, Format Version 12.00
# Visual Studio 15
VisualStudioVersion = 15.0.26430.6
MinimumVisualStudioVersion = 10.0.40219.1
Project("{9A19103F-16F7-4668-BE54-9A1E7A4F7556}") = "Library.Api", "Library.Api\Library.Api.csproj", "{5B72D5ED-1A7C-4F62-8B36-B1D4767653FC}"
EndProject
Project("{9A19103F-16F7-4668-BE54-9A1E7A4F7556}") = "Library.Data", "Library.Data\Library.Data.csproj", "{3B9D8ADB-CB8B-489F-88A7-4F58C88C395D}"
EndProject
Project("{9A19103F-16F7-4668-BE54-9A1E7A4F7556}") = "Library.Core", "Library.Core\Library.Core.csproj", "{CCF731FB-6D60-466D-84C6-82D3BF10B036}"
EndProject
Global
	GlobalSection(SolutionConfigurationPlatforms) = preSolution
		Debug|Any CPU = Debug|Any CPU
		Release|Any CPU = Release|Any CPU
	EndGlobalSection
	GlobalSection(ProjectConfigurationPlatforms) = postSolution
		{5B72D5ED-1A7C-4F62-8B36-B1D4767653FC}.Debug|Any CPU.ActiveCfg = Debug|Any CPU
		{5B72D5ED-1A7C-4F62-8B36-B1D4767653FC}.Debug|Any CPU.Build.0 = Debug|Any CPU
		{5B72D5ED-1A7C-4F62-8B36-B1D4767653FC}.Release|Any CPU.ActiveCfg = Release|Any CPU
		{5B72D5ED-1A7C-4F62-8B36-B1D4767653FC}.Release|Any CPU.Build.0 = Release|Any CPU
		{3B9D8ADB-CB8B-489F-88A7-4F58C88C395D}.Debug|Any CPU.ActiveCfg = Debug|Any CPU
		{3B9D8ADB-CB8B-489F-88A7-4F58C88C395D}.Debug|Any CPU.Build.0 = Debug|Any CPU
		{3B9D8ADB-CB8B-489F-88A7-4F58C88C395D}.Release|Any CPU.ActiveCfg = Release|Any CPU
		{3B9D8ADB-CB8B-489F-88A7-4F58C88C395D}.Release|Any CPU.Build.0 = Release|Any CPU
		{CCF731FB-6D60-466D-84C6-82D3BF10B036}.Debug|Any CPU.ActiveCfg = Debug|Any CPU
		{CCF731FB-6D60-466D-84C6-82D3BF10B036}.Debug|Any CPU.Build.0 = Debug|Any CPU
		{CCF731FB-6D60-466D-84C6-82D3BF10B036}.Release|Any CPU.ActiveCfg = Release|Any CPU
		{CCF731FB-6D60-466D-84C6-82D3BF10B036}.Release|Any CPU.Build.0 = Release|Any CPU
	EndGlobalSection
	GlobalSection(SolutionProperties) = preSolution
		HideSolutionNode = FALSE
	EndGlobalSection
EndGlobal
